
Microsoft Visual Studio Solution File, Format Version 12.00
# Visual Studio Version 16
VisualStudioVersion = 16.0.29306.81
MinimumVisualStudioVersion = 10.0.40219.1
Project("{FAE04EC0-301F-11D3-BF4B-00C04F79EFBC}") = "GenericSqlProvider.Examples", "GenericSqlProvider.Examples\GenericSqlProvider.Examples.csproj", "{A3E137A5-993C-4EA2-A2AC-35D99DF62D06}"
EndProject
Project("{FAE04EC0-301F-11D3-BF4B-00C04F79EFBC}") = "GenericSqlProvider", "GenericSqlProvider\GenericSqlProvider.csproj", "{A01DD480-5232-4438-AD70-8633F94FDD47}"
EndProject
Project("{FAE04EC0-301F-11D3-BF4B-00C04F79EFBC}") = "GenericSqlProvider.Oracle", "GenericSqlProvider.Oracle\GenericSqlProvider.Oracle.csproj", "{43CD1223-D6F2-4552-A063-AC367B1D8CB5}"
EndProject
Project("{FAE04EC0-301F-11D3-BF4B-00C04F79EFBC}") = "GenericSqlProvider.SqlServer", "GenericSqlProvider.SqlServer\GenericSqlProvider.SqlServer.csproj", "{0F64E936-46F1-4967-955E-A686D7DE647D}"
EndProject
Project("{FAE04EC0-301F-11D3-BF4B-00C04F79EFBC}") = "GenericSqlProvider.Configuration", "GenericSqlProvider.Configuration\GenericSqlProvider.Configuration\GenericSqlProvider.Configuration.csproj", "{9EE08B9D-E7C7-43D4-ADA2-14200CD6EBB0}"
EndProject
Global
	GlobalSection(SolutionConfigurationPlatforms) = preSolution
		Debug|Any CPU = Debug|Any CPU
		Release|Any CPU = Release|Any CPU
	EndGlobalSection
	GlobalSection(ProjectConfigurationPlatforms) = postSolution
		{A3E137A5-993C-4EA2-A2AC-35D99DF62D06}.Debug|Any CPU.ActiveCfg = Debug|Any CPU
		{A3E137A5-993C-4EA2-A2AC-35D99DF62D06}.Debug|Any CPU.Build.0 = Debug|Any CPU
		{A3E137A5-993C-4EA2-A2AC-35D99DF62D06}.Release|Any CPU.ActiveCfg = Release|Any CPU
		{A3E137A5-993C-4EA2-A2AC-35D99DF62D06}.Release|Any CPU.Build.0 = Release|Any CPU
		{A01DD480-5232-4438-AD70-8633F94FDD47}.Debug|Any CPU.ActiveCfg = Debug|Any CPU
		{A01DD480-5232-4438-AD70-8633F94FDD47}.Debug|Any CPU.Build.0 = Debug|Any CPU
		{A01DD480-5232-4438-AD70-8633F94FDD47}.Release|Any CPU.ActiveCfg = Release|Any CPU
		{A01DD480-5232-4438-AD70-8633F94FDD47}.Release|Any CPU.Build.0 = Release|Any CPU
		{43CD1223-D6F2-4552-A063-AC367B1D8CB5}.Debug|Any CPU.ActiveCfg = Debug|Any CPU
		{43CD1223-D6F2-4552-A063-AC367B1D8CB5}.Debug|Any CPU.Build.0 = Debug|Any CPU
		{43CD1223-D6F2-4552-A063-AC367B1D8CB5}.Release|Any CPU.ActiveCfg = Release|Any CPU
		{43CD1223-D6F2-4552-A063-AC367B1D8CB5}.Release|Any CPU.Build.0 = Release|Any CPU
		{0F64E936-46F1-4967-955E-A686D7DE647D}.Debug|Any CPU.ActiveCfg = Debug|Any CPU
		{0F64E936-46F1-4967-955E-A686D7DE647D}.Debug|Any CPU.Build.0 = Debug|Any CPU
		{0F64E936-46F1-4967-955E-A686D7DE647D}.Release|Any CPU.ActiveCfg = Release|Any CPU
		{0F64E936-46F1-4967-955E-A686D7DE647D}.Release|Any CPU.Build.0 = Release|Any CPU
		{9EE08B9D-E7C7-43D4-ADA2-14200CD6EBB0}.Debug|Any CPU.ActiveCfg = Debug|Any CPU
		{9EE08B9D-E7C7-43D4-ADA2-14200CD6EBB0}.Debug|Any CPU.Build.0 = Debug|Any CPU
		{9EE08B9D-E7C7-43D4-ADA2-14200CD6EBB0}.Release|Any CPU.ActiveCfg = Release|Any CPU
		{9EE08B9D-E7C7-43D4-ADA2-14200CD6EBB0}.Release|Any CPU.Build.0 = Release|Any CPU
	EndGlobalSection
	GlobalSection(SolutionProperties) = preSolution
		HideSolutionNode = FALSE
	EndGlobalSection
	GlobalSection(ExtensibilityGlobals) = postSolution
		SolutionGuid = {F2678007-BD90-4634-BA25-68E1D544C8D7}
	EndGlobalSection
EndGlobal
