
Microsoft Visual Studio Solution File, Format Version 12.00
# Visual Studio Version 16
VisualStudioVersion = 16.0.29306.81
MinimumVisualStudioVersion = 10.0.40219.1
Project("{FAE04EC0-301F-11D3-BF4B-00C04F79EFBC}") = "GenericSqlProvider.Examples", "GenericSqlProvider.Examples\GenericSqlProvider.Examples.csproj", "{A3E137A5-993C-4EA2-A2AC-35D99DF62D06}"
EndProject
Project("{9A19103F-16F7-4668-BE54-9A1E7A4F7556}") = "GenericSqlProvider", "GenericSqlProvider\GenericSqlProvider.csproj", "{45BAF039-B5CF-44DF-A3FF-1A5F34FC697D}"
EndProject
Project("{9A19103F-16F7-4668-BE54-9A1E7A4F7556}") = "GenericSqlProvider.Oracle", "GenericSqlProvider.Oracle\GenericSqlProvider.Oracle.csproj", "{46110A65-2A81-4D55-BC38-FBBB82E93516}"
EndProject
Project("{9A19103F-16F7-4668-BE54-9A1E7A4F7556}") = "GenericSqlProvider.SqlServer", "GenericSqlProvider.SqlServer\GenericSqlProvider.SqlServer.csproj", "{0B99E6D7-B823-47AA-AB80-12ECAC08D910}"
EndProject
Project("{9A19103F-16F7-4668-BE54-9A1E7A4F7556}") = "GenericSqlProvider.Configuration", "GenericSqlProvider.Configuration\GenericSqlProvider.Configuration.csproj", "{7DC58B20-D801-44FB-8374-3004E0E7BCB7}"
EndProject
Project("{9A19103F-16F7-4668-BE54-9A1E7A4F7556}") = "GenericSqlProvider.Examples.Common", "GenericSqlProvider.Examples.Common\GenericSqlProvider.Examples.Common.csproj", "{EB6E2AF2-E601-417D-9E52-1426481BADA2}"
EndProject
Global
	GlobalSection(SolutionConfigurationPlatforms) = preSolution
		Debug|Any CPU = Debug|Any CPU
		Release|Any CPU = Release|Any CPU
	EndGlobalSection
	GlobalSection(ProjectConfigurationPlatforms) = postSolution
		{A3E137A5-993C-4EA2-A2AC-35D99DF62D06}.Debug|Any CPU.ActiveCfg = Debug|Any CPU
		{A3E137A5-993C-4EA2-A2AC-35D99DF62D06}.Debug|Any CPU.Build.0 = Debug|Any CPU
		{A3E137A5-993C-4EA2-A2AC-35D99DF62D06}.Release|Any CPU.ActiveCfg = Release|Any CPU
		{A3E137A5-993C-4EA2-A2AC-35D99DF62D06}.Release|Any CPU.Build.0 = Release|Any CPU
		{45BAF039-B5CF-44DF-A3FF-1A5F34FC697D}.Debug|Any CPU.ActiveCfg = Debug|Any CPU
		{45BAF039-B5CF-44DF-A3FF-1A5F34FC697D}.Debug|Any CPU.Build.0 = Debug|Any CPU
		{45BAF039-B5CF-44DF-A3FF-1A5F34FC697D}.Release|Any CPU.ActiveCfg = Release|Any CPU
		{45BAF039-B5CF-44DF-A3FF-1A5F34FC697D}.Release|Any CPU.Build.0 = Release|Any CPU
		{46110A65-2A81-4D55-BC38-FBBB82E93516}.Debug|Any CPU.ActiveCfg = Debug|Any CPU
		{46110A65-2A81-4D55-BC38-FBBB82E93516}.Debug|Any CPU.Build.0 = Debug|Any CPU
		{46110A65-2A81-4D55-BC38-FBBB82E93516}.Release|Any CPU.ActiveCfg = Release|Any CPU
		{46110A65-2A81-4D55-BC38-FBBB82E93516}.Release|Any CPU.Build.0 = Release|Any CPU
		{0B99E6D7-B823-47AA-AB80-12ECAC08D910}.Debug|Any CPU.ActiveCfg = Debug|Any CPU
		{0B99E6D7-B823-47AA-AB80-12ECAC08D910}.Debug|Any CPU.Build.0 = Debug|Any CPU
		{0B99E6D7-B823-47AA-AB80-12ECAC08D910}.Release|Any CPU.ActiveCfg = Release|Any CPU
		{0B99E6D7-B823-47AA-AB80-12ECAC08D910}.Release|Any CPU.Build.0 = Release|Any CPU
		{7DC58B20-D801-44FB-8374-3004E0E7BCB7}.Debug|Any CPU.ActiveCfg = Debug|Any CPU
		{7DC58B20-D801-44FB-8374-3004E0E7BCB7}.Debug|Any CPU.Build.0 = Debug|Any CPU
		{7DC58B20-D801-44FB-8374-3004E0E7BCB7}.Release|Any CPU.ActiveCfg = Release|Any CPU
		{7DC58B20-D801-44FB-8374-3004E0E7BCB7}.Release|Any CPU.Build.0 = Release|Any CPU
		{EB6E2AF2-E601-417D-9E52-1426481BADA2}.Debug|Any CPU.ActiveCfg = Debug|Any CPU
		{EB6E2AF2-E601-417D-9E52-1426481BADA2}.Debug|Any CPU.Build.0 = Debug|Any CPU
		{EB6E2AF2-E601-417D-9E52-1426481BADA2}.Release|Any CPU.ActiveCfg = Release|Any CPU
		{EB6E2AF2-E601-417D-9E52-1426481BADA2}.Release|Any CPU.Build.0 = Release|Any CPU
	EndGlobalSection
	GlobalSection(SolutionProperties) = preSolution
		HideSolutionNode = FALSE
	EndGlobalSection
	GlobalSection(ExtensibilityGlobals) = postSolution
		SolutionGuid = {F2678007-BD90-4634-BA25-68E1D544C8D7}
	EndGlobalSection
EndGlobal
